
Microsoft Visual Studio Solution File, Format Version 12.00
# Visual Studio 15
VisualStudioVersion = 15.0.28010.2003
MinimumVisualStudioVersion = 10.0.40219.1
Project("{FAE04EC0-301F-11D3-BF4B-00C04F79EFBC}") = "MVCBartenderApp", "MVCBartenderApp\MVCBartenderApp.csproj", "{92F25A7E-4401-4EA2-9010-2D724E033ECE}"
EndProject
Project("{FAE04EC0-301F-11D3-BF4B-00C04F79EFBC}") = "MVCBartenderApp.Tests", "MVCBartenderApp.Tests\MVCBartenderApp.Tests.csproj", "{07C1F977-DFC3-4020-8FF4-DEE3A58506F9}"
EndProject
Global
	GlobalSection(SolutionConfigurationPlatforms) = preSolution
		Debug|Any CPU = Debug|Any CPU
		Release|Any CPU = Release|Any CPU
	EndGlobalSection
	GlobalSection(ProjectConfigurationPlatforms) = postSolution
		{92F25A7E-4401-4EA2-9010-2D724E033ECE}.Debug|Any CPU.ActiveCfg = Debug|Any CPU
		{92F25A7E-4401-4EA2-9010-2D724E033ECE}.Debug|Any CPU.Build.0 = Debug|Any CPU
		{92F25A7E-4401-4EA2-9010-2D724E033ECE}.Release|Any CPU.ActiveCfg = Release|Any CPU
		{92F25A7E-4401-4EA2-9010-2D724E033ECE}.Release|Any CPU.Build.0 = Release|Any CPU
		{07C1F977-DFC3-4020-8FF4-DEE3A58506F9}.Debug|Any CPU.ActiveCfg = Debug|Any CPU
		{07C1F977-DFC3-4020-8FF4-DEE3A58506F9}.Debug|Any CPU.Build.0 = Debug|Any CPU
		{07C1F977-DFC3-4020-8FF4-DEE3A58506F9}.Release|Any CPU.ActiveCfg = Release|Any CPU
		{07C1F977-DFC3-4020-8FF4-DEE3A58506F9}.Release|Any CPU.Build.0 = Release|Any CPU
	EndGlobalSection
	GlobalSection(SolutionProperties) = preSolution
		HideSolutionNode = FALSE
	EndGlobalSection
	GlobalSection(ExtensibilityGlobals) = postSolution
		SolutionGuid = {68EEA032-3B8E-4457-AED1-4C2CF44F26FB}
	EndGlobalSection
EndGlobal
